
Microsoft Visual Studio Solution File, Format Version 12.00
# Visual Studio Version 16
VisualStudioVersion = 16.0.31005.135
MinimumVisualStudioVersion = 10.0.40219.1
Project("{FAE04EC0-301F-11D3-BF4B-00C04F79EFBC}") = "Mike10", "Mike10.csproj", "{413495DF-8A3D-4B9E-BF17-735D7CA1B93B}"
EndProject
Global
	GlobalSection(SolutionConfigurationPlatforms) = preSolution
		Debug|Any CPU = Debug|Any CPU
		Release|Any CPU = Release|Any CPU
	EndGlobalSection
	GlobalSection(ProjectConfigurationPlatforms) = postSolution
		{413495DF-8A3D-4B9E-BF17-735D7CA1B93B}.Debug|Any CPU.ActiveCfg = Debug|Any CPU
		{413495DF-8A3D-4B9E-BF17-735D7CA1B93B}.Debug|Any CPU.Build.0 = Debug|Any CPU
		{413495DF-8A3D-4B9E-BF17-735D7CA1B93B}.Release|Any CPU.ActiveCfg = Release|Any CPU
		{413495DF-8A3D-4B9E-BF17-735D7CA1B93B}.Release|Any CPU.Build.0 = Release|Any CPU
	EndGlobalSection
	GlobalSection(SolutionProperties) = preSolution
		HideSolutionNode = FALSE
	EndGlobalSection
	GlobalSection(ExtensibilityGlobals) = postSolution
		SolutionGuid = {AF80E7DF-3BFF-416A-AB5A-8D38205B4A40}
	EndGlobalSection
EndGlobal
